lockfileVersion: '6.0'

settings:
  autoInstallPeers: true
  excludeLinksFromLockfile: false

dependencies:
  class-transformer:
    specifier: 0.5.1
    version: 0.5.1
  class-validator:
    specifier: 0.14.1
    version: 0.14.1
  zod:
    specifier: 3.24.0-canary.20240508T190620
    version: 3.24.0-canary.20240508T190620

packages:

  /@types/validator@13.11.10:
    resolution: {integrity: sha512-e2PNXoXLr6Z+dbfx5zSh9TRlXJrELycxiaXznp4S5+D2M3b9bqJEitNHA5923jhnB2zzFiZHa2f0SI1HoIahpg==}
    dev: false

  /class-transformer@0.5.1:
    resolution: {integrity: sha512-SQa1Ws6hUbfC98vKGxZH3KFY0Y1lm5Zm0SY8XX9zbK7FJCyVEac3ATW0RIpwzW+oOfmHE5PMPufDG9hCfoEOMw==}
    dev: false

  /class-validator@0.14.1:
    resolution: {integrity: sha512-2VEG9JICxIqTpoK1eMzZqaV+u/EiwEJkMGzTrZf6sU/fwsnOITVgYJ8yojSy6CaXtO9V0Cc6ZQZ8h8m4UBuLwQ==}
    dependencies:
      '@types/validator': 13.11.10
      libphonenumber-js: 1.11.1
      validator: 13.12.0
    dev: false

  /libphonenumber-js@1.11.1:
    resolution: {integrity: sha512-Wze1LPwcnzvcKGcRHFGFECTaLzxOtujwpf924difr5zniyYv1C2PiW0419qDR7m8lKDxsImu5mwxFuXhXpjmvw==}
    dev: false

  /validator@13.12.0:
    resolution: {integrity: sha512-c1Q0mCiPlgdTVVVIJIrBuxNicYE+t/7oKeI9MWLj3fh/uq2Pxh/3eeWbVZ4OcGW1TUf53At0njHw5SMdA3tmMg==}
    engines: {node: '>= 0.10'}
    dev: false

  /zod@3.24.0-canary.20240508T190620:
    resolution: {integrity: sha512-PCdxOgx+Kl4rOcBBAHuV6CIOlmsYNE7hGAAxjV1B2pkVbtKmNRQ7ASssZKihsqnH+v1GbHu6MeQSyx/tNAfL8A==}
    dev: false
